// !$*UTF8*$!
{
	archiveVersion = 1;
	classes = {
	};
	objectVersion = 55;
	objects = {

/* Begin PBXBuildFile section */
		D43C3386271DA612009CF824 /* ViewController2.swift in Sources */ = {isa = PBXBuildFile; fileRef = D43C3385271DA612009CF824 /* ViewController2.swift */; };
		D43DBFFF271EF27A00740A77 /* CountryModel.swift in Sources */ = {isa = PBXBuildFile; fileRef = D43DBFFE271EF27A00740A77 /* CountryModel.swift */; };
		D43DC001271EF37100740A77 /* Data.swift in Sources */ = {isa = PBXBuildFile; fileRef = D43DC000271EF37100740A77 /* Data.swift */; };
		D43DC003271EF4D600740A77 /* CountryVC.swift in Sources */ = {isa = PBXBuildFile; fileRef = D43DC002271EF4D600740A77 /* CountryVC.swift */; };
		D43DC005271EF53700740A77 /* CountryCVCell.swift in Sources */ = {isa = PBXBuildFile; fileRef = D43DC004271EF53700740A77 /* CountryCVCell.swift */; };
		D440714027206B8F00314138 /* CountryTVCell.swift in Sources */ = {isa = PBXBuildFile; fileRef = D440713F27206B8F00314138 /* CountryTVCell.swift */; };
		D45B88D32718643900DF470F /* AppDelegate.swift in Sources */ = {isa = PBXBuildFile; fileRef = D45B88D22718643900DF470F /* AppDelegate.swift */; };
		D45B88D52718643900DF470F /* SceneDelegate.swift in Sources */ = {isa = PBXBuildFile; fileRef = D45B88D42718643900DF470F /* SceneDelegate.swift */; };
		D45B88D72718643900DF470F /* ViewController.swift in Sources */ = {isa = PBXBuildFile; fileRef = D45B88D62718643900DF470F /* ViewController.swift */; };
		D45B88DA2718643900DF470F /* Main.storyboard in Resources */ = {isa = PBXBuildFile; fileRef = D45B88D82718643900DF470F /* Main.storyboard */; };
		D45B88DC2718643A00DF470F /* Assets.xcassets in Resources */ = {isa = PBXBuildFile; fileRef = D45B88DB2718643A00DF470F /* Assets.xcassets */; };
		D45B88DF2718643A00DF470F /* LaunchScreen.storyboard in Resources */ = {isa = PBXBuildFile; fileRef = D45B88DD2718643A00DF470F /* LaunchScreen.storyboard */; };
		D45B88E92718677700DF470F /* Basics.swift in Sources */ = {isa = PBXBuildFile; fileRef = D45B88E82718677700DF470F /* Basics.swift */; };
/* End PBXBuildFile section */

/* Begin PBXFileReference section */
		D43C3385271DA612009CF824 /* ViewController2.swift */ = {isa = PBXFileReference; lastKnownFileType = sourcecode.swift; path = ViewController2.swift; sourceTree = "<group>"; };
		D43DBFFE271EF27A00740A77 /* CountryModel.swift */ = {isa = PBXFileReference; lastKnownFileType = sourcecode.swift; path = CountryModel.swift; sourceTree = "<group>"; };
		D43DC000271EF37100740A77 /* Data.swift */ = {isa = PBXFileReference; lastKnownFileType = sourcecode.swift; path = Data.swift; sourceTree = "<group>"; };
		D43DC002271EF4D600740A77 /* CountryVC.swift */ = {isa = PBXFileReference; lastKnownFileType = sourcecode.swift; path = CountryVC.swift; sourceTree = "<group>"; };
		D43DC004271EF53700740A77 /* CountryCVCell.swift */ = {isa = PBXFileReference; lastKnownFileType = sourcecode.swift; path = CountryCVCell.swift; sourceTree = "<group>"; };
		D440713F27206B8F00314138 /* CountryTVCell.swift */ = {isa = PBXFileReference; lastKnownFileType = sourcecode.swift; path = CountryTVCell.swift; sourceTree = "<group>"; };
		D45B88CF2718643900DF470F /* Trainee Plan.app */ = {isa = PBXFileReference; explicitFileType = wrapper.application; includeInIndex = 0; path = "Trainee Plan.app"; sourceTree = BUILT_PRODUCTS_DIR; };
		D45B88D22718643900DF470F /* AppDelegate.swift */ = {isa = PBXFileReference; lastKnownFileType = sourcecode.swift; path = AppDelegate.swift; sourceTree = "<group>"; };
		D45B88D42718643900DF470F /* SceneDelegate.swift */ = {isa = PBXFileReference; lastKnownFileType = sourcecode.swift; path = SceneDelegate.swift; sourceTree = "<group>"; };
		D45B88D62718643900DF470F /* ViewController.swift */ = {isa = PBXFileReference; lastKnownFileType = sourcecode.swift; path = ViewController.swift; sourceTree = "<group>"; };
		D45B88D92718643900DF470F /* Base */ = {isa = PBXFileReference; lastKnownFileType = file.storyboard; name = Base; path = Base.lproj/Main.storyboard; sourceTree = "<group>"; };
		D45B88DB2718643A00DF470F /* Assets.xcassets */ = {isa = PBXFileReference; lastKnownFileType = folder.assetcatalog; path = Assets.xcassets; sourceTree = "<group>"; };
		D45B88DE2718643A00DF470F /* Base */ = {isa = PBXFileReference; lastKnownFileType = file.storyboard; name = Base; path = Base.lproj/LaunchScreen.storyboard; sourceTree = "<group>"; };
		D45B88E02718643A00DF470F /* Info.plist */ = {isa = PBXFileReference; lastKnownFileType = text.plist.xml; path = Info.plist; sourceTree = "<group>"; };
		D45B88E82718677700DF470F /* Basics.swift */ = {isa = PBXFileReference; lastKnownFileType = sourcecode.swift; path = Basics.swift; sourceTree = "<group>"; };
/* End PBXFileReference section */

/* Begin PBXFrameworksBuildPhase section */
		D45B88CC2718643900DF470F /* Frameworks */ = {
			isa = PBXFrameworksBuildPhase;
			buildActionMask = 2147483647;
			files = (
			);
			runOnlyForDeploymentPostprocessing = 0;
		};
/* End PBXFrameworksBuildPhase section */

/* Begin PBXGroup section */
		D43DBFFD271EE73800740A77 /* 21.Collection and Table  */ = {
			isa = PBXGroup;
			children = (
				D43DBFFE271EF27A00740A77 /* CountryModel.swift */,
				D43DC000271EF37100740A77 /* Data.swift */,
				D43DC002271EF4D600740A77 /* CountryVC.swift */,
				D43DC004271EF53700740A77 /* CountryCVCell.swift */,
				D440713F27206B8F00314138 /* CountryTVCell.swift */,
			);
			path = "21.Collection and Table ";
			sourceTree = "<group>";
		};
		D45B88C62718643900DF470F = {
			isa = PBXGroup;
			children = (
				D45B88D12718643900DF470F /* Trainee Plan */,
				D45B88D02718643900DF470F /* Products */,
			);
			sourceTree = "<group>";
		};
		D45B88D02718643900DF470F /* Products */ = {
			isa = PBXGroup;
			children = (
				D45B88CF2718643900DF470F /* Trainee Plan.app */,
			);
			name = Products;
			sourceTree = "<group>";
		};
		D45B88D12718643900DF470F /* Trainee Plan */ = {
			isa = PBXGroup;
			children = (
				D43DBFFD271EE73800740A77 /* 21.Collection and Table  */,
				D45B88E72718674800DF470F /* 10.Basics */,
				D45B88E62718644E00DF470F /* System */,
			);
			path = "Trainee Plan";
			sourceTree = "<group>";
		};
		D45B88E62718644E00DF470F /* System */ = {
			isa = PBXGroup;
			children = (
				D45B88D22718643900DF470F /* AppDelegate.swift */,
				D45B88D42718643900DF470F /* SceneDelegate.swift */,
				D45B88D62718643900DF470F /* ViewController.swift */,
				D45B88D82718643900DF470F /* Main.storyboard */,
				D45B88DB2718643A00DF470F /* Assets.xcassets */,
				D45B88DD2718643A00DF470F /* LaunchScreen.storyboard */,
				D45B88E02718643A00DF470F /* Info.plist */,
				D43C3385271DA612009CF824 /* ViewController2.swift */,
			);
			path = System;
			sourceTree = "<group>";
		};
		D45B88E72718674800DF470F /* 10.Basics */ = {
			isa = PBXGroup;
			children = (
				D45B88E82718677700DF470F /* Basics.swift */,
			);
			path = 10.Basics;
			sourceTree = "<group>";
		};
/* End PBXGroup section */

/* Begin PBXNativeTarget section */
		D45B88CE2718643900DF470F /* Trainee Plan */ = {
			isa = PBXNativeTarget;
			buildConfigurationList = D45B88E32718643A00DF470F /* Build configuration list for PBXNativeTarget "Trainee Plan" */;
			buildPhases = (
				D45B88CB2718643900DF470F /* Sources */,
				D45B88CC2718643900DF470F /* Frameworks */,
				D45B88CD2718643900DF470F /* Resources */,
			);
			buildRules = (
			);
			dependencies = (
			);
			name = "Trainee Plan";
			productName = "Trainee Plan";
			productReference = D45B88CF2718643900DF470F /* Trainee Plan.app */;
			productType = "com.apple.product-type.application";
		};
/* End PBXNativeTarget section */

/* Begin PBXProject section */
		D45B88C72718643900DF470F /* Project object */ = {
			isa = PBXProject;
			attributes = {
				BuildIndependentTargetsInParallel = 1;
				LastSwiftUpdateCheck = 1300;
				LastUpgradeCheck = 1300;
				TargetAttributes = {
					D45B88CE2718643900DF470F = {
						CreatedOnToolsVersion = 13.0;
					};
				};
			};
			buildConfigurationList = D45B88CA2718643900DF470F /* Build configuration list for PBXProject "Trainee Plan" */;
			compatibilityVersion = "Xcode 13.0";
			developmentRegion = en;
			hasScannedForEncodings = 0;
			knownRegions = (
				en,
				Base,
			);
			mainGroup = D45B88C62718643900DF470F;
			productRefGroup = D45B88D02718643900DF470F /* Products */;
			projectDirPath = "";
			projectRoot = "";
			targets = (
				D45B88CE2718643900DF470F /* Trainee Plan */,
			);
		};
/* End PBXProject section */

/* Begin PBXResourcesBuildPhase section */
		D45B88CD2718643900DF470F /* Resources */ = {
			isa = PBXResourcesBuildPhase;
			buildActionMask = 2147483647;
			files = (
				D45B88DF2718643A00DF470F /* LaunchScreen.storyboard in Resources */,
				D45B88DC2718643A00DF470F /* Assets.xcassets in Resources */,
				D45B88DA2718643900DF470F /* Main.storyboard in Resources */,
			);
			runOnlyForDeploymentPostprocessing = 0;
		};
/* End PBXResourcesBuildPhase section */

/* Begin PBXSourcesBuildPhase section */
		D45B88CB2718643900DF470F /* Sources */ = {
			isa = PBXSourcesBuildPhase;
			buildActionMask = 2147483647;
			files = (
				D43DC001271EF37100740A77 /* Data.swift in Sources */,
				D43C3386271DA612009CF824 /* ViewController2.swift in Sources */,
				D440714027206B8F00314138 /* CountryTVCell.swift in Sources */,
				D45B88E92718677700DF470F /* Basics.swift in Sources */,
				D43DBFFF271EF27A00740A77 /* CountryModel.swift in Sources */,
				D45B88D72718643900DF470F /* ViewController.swift in Sources */,
				D43DC005271EF53700740A77 /* CountryCVCell.swift in Sources */,
				D45B88D32718643900DF470F /* AppDelegate.swift in Sources */,
				D45B88D52718643900DF470F /* SceneDelegate.swift in Sources */,
				D43DC003271EF4D600740A77 /* CountryVC.swift in Sources */,
			);
			runOnlyForDeploymentPostprocessing = 0;
		};
/* End PBXSourcesBuildPhase section */

/* Begin PBXVariantGroup section */
		D45B88D82718643900DF470F /* Main.storyboard */ = {
			isa = PBXVariantGroup;
			children = (
				D45B88D92718643900DF470F /* Base */,
			);
			name = Main.storyboard;
			sourceTree = "<group>";
		};
		D45B88DD2718643A00DF470F /* LaunchScreen.storyboard */ = {
			isa = PBXVariantGroup;
			children = (
				D45B88DE2718643A00DF470F /* Base */,
			);
			name = LaunchScreen.storyboard;
			sourceTree = "<group>";
		};
/* End PBXVariantGroup section */

/* Begin XCBuildConfiguration section */
		D45B88E12718643A00DF470F /* Debug */ = {
			isa = XCBuildConfiguration;
			buildSettings = {
				ALWAYS_SEARCH_USER_PATHS = NO;
				CLANG_ANALYZER_NONNULL = YES;
				CLANG_ANALYZER_NUMBER_OBJECT_CONVERSION = YES_AGGRESSIVE;
				CLANG_CXX_LANGUAGE_STANDARD = "gnu++17";
				CLANG_CXX_LIBRARY = "libc++";
				CLANG_ENABLE_MODULES = YES;
				CLANG_ENABLE_OBJC_ARC = YES;
				CLANG_ENABLE_OBJC_WEAK = YES;
				CLANG_WARN_BLOCK_CAPTURE_AUTORELEASING = YES;
				CLANG_WARN_BOOL_CONVERSION = YES;
				CLANG_WARN_COMMA = YES;
				CLANG_WARN_CONSTANT_CONVERSION = YES;
				CLANG_WARN_DEPRECATED_OBJC_IMPLEMENTATIONS = YES;
				CLANG_WARN_DIRECT_OBJC_ISA_USAGE = YES_ERROR;
				CLANG_WARN_DOCUMENTATION_COMMENTS = YES;
				CLANG_WARN_EMPTY_BODY = YES;
				CLANG_WARN_ENUM_CONVERSION = YES;
				CLANG_WARN_INFINITE_RECURSION = YES;
				CLANG_WARN_INT_CONVERSION = YES;
				CLANG_WARN_NON_LITERAL_NULL_CONVERSION = YES;
				CLANG_WARN_OBJC_IMPLICIT_RETAIN_SELF = YES;
				CLANG_WARN_OBJC_LITERAL_CONVERSION = YES;
				CLANG_WARN_OBJC_ROOT_CLASS = YES_ERROR;
				CLANG_WARN_QUOTED_INCLUDE_IN_FRAMEWORK_HEADER = YES;
				CLANG_WARN_RANGE_LOOP_ANALYSIS = YES;
				CLANG_WARN_STRICT_PROTOTYPES = YES;
				CLANG_WARN_SUSPICIOUS_MOVE = YES;
				CLANG_WARN_UNGUARDED_AVAILABILITY = YES_AGGRESSIVE;
				CLANG_WARN_UNREACHABLE_CODE = YES;
				CLANG_WARN__DUPLICATE_METHOD_MATCH = YES;
				COPY_PHASE_STRIP = NO;
				DEBUG_INFORMATION_FORMAT = dwarf;
				ENABLE_STRICT_OBJC_MSGSEND = YES;
				ENABLE_TESTABILITY = YES;
				GCC_C_LANGUAGE_STANDARD = gnu11;
				GCC_DYNAMIC_NO_PIC = NO;
				GCC_NO_COMMON_BLOCKS = YES;
				GCC_OPTIMIZATION_LEVEL = 0;
				GCC_PREPROCESSOR_DEFINITIONS = (
					"DEBUG=1",
					"$(inherited)",
				);
				GCC_WARN_64_TO_32_BIT_CONVERSION = YES;
				GCC_WARN_ABOUT_RETURN_TYPE = YES_ERROR;
				GCC_WARN_UNDECLARED_SELECTOR = YES;
				GCC_WARN_UNINITIALIZED_AUTOS = YES_AGGRESSIVE;
				GCC_WARN_UNUSED_FUNCTION = YES;
				GCC_WARN_UNUSED_VARIABLE = YES;
				IPHONEOS_DEPLOYMENT_TARGET = 15.0;
				MTL_ENABLE_DEBUG_INFO = INCLUDE_SOURCE;
				MTL_FAST_MATH = YES;
				ONLY_ACTIVE_ARCH = YES;
				SDKROOT = iphoneos;
				SWIFT_ACTIVE_COMPILATION_CONDITIONS = DEBUG;
				SWIFT_OPTIMIZATION_LEVEL = "-Onone";
			};
			name = Debug;
		};
		D45B88E22718643A00DF470F /* Release */ = {
			isa = XCBuildConfiguration;
			buildSettings = {
				ALWAYS_SEARCH_USER_PATHS = NO;
				CLANG_ANALYZER_NONNULL = YES;
				CLANG_ANALYZER_NUMBER_OBJECT_CONVERSION = YES_AGGRESSIVE;
				CLANG_CXX_LANGUAGE_STANDARD = "gnu++17";
				CLANG_CXX_LIBRARY = "libc++";
				CLANG_ENABLE_MODULES = YES;
				CLANG_ENABLE_OBJC_ARC = YES;
				CLANG_ENABLE_OBJC_WEAK = YES;
				CLANG_WARN_BLOCK_CAPTURE_AUTORELEASING = YES;
				CLANG_WARN_BOOL_CONVERSION = YES;
				CLANG_WARN_COMMA = YES;
				CLANG_WARN_CONSTANT_CONVERSION = YES;
				CLANG_WARN_DEPRECATED_OBJC_IMPLEMENTATIONS = YES;
				CLANG_WARN_DIRECT_OBJC_ISA_USAGE = YES_ERROR;
				CLANG_WARN_DOCUMENTATION_COMMENTS = YES;
				CLANG_WARN_EMPTY_BODY = YES;
				CLANG_WARN_ENUM_CONVERSION = YES;
				CLANG_WARN_INFINITE_RECURSION = YES;
				CLANG_WARN_INT_CONVERSION = YES;
				CLANG_WARN_NON_LITERAL_NULL_CONVERSION = YES;
				CLANG_WARN_OBJC_IMPLICIT_RETAIN_SELF = YES;
				CLANG_WARN_OBJC_LITERAL_CONVERSION = YES;
				CLANG_WARN_OBJC_ROOT_CLASS = YES_ERROR;
				CLANG_WARN_QUOTED_INCLUDE_IN_FRAMEWORK_HEADER = YES;
				CLANG_WARN_RANGE_LOOP_ANALYSIS = YES;
				CLANG_WARN_STRICT_PROTOTYPES = YES;
				CLANG_WARN_SUSPICIOUS_MOVE = YES;
				CLANG_WARN_UNGUARDED_AVAILABILITY = YES_AGGRESSIVE;
				CLANG_WARN_UNREACHABLE_CODE = YES;
				CLANG_WARN__DUPLICATE_METHOD_MATCH = YES;
				COPY_PHASE_STRIP = NO;
				DEBUG_INFORMATION_FORMAT = "dwarf-with-dsym";
				ENABLE_NS_ASSERTIONS = NO;
				ENABLE_STRICT_OBJC_MSGSEND = YES;
				GCC_C_LANGUAGE_STANDARD = gnu11;
				GCC_NO_COMMON_BLOCKS = YES;
				GCC_WARN_64_TO_32_BIT_CONVERSION = YES;
				GCC_WARN_ABOUT_RETURN_TYPE = YES_ERROR;
				GCC_WARN_UNDECLARED_SELECTOR = YES;
				GCC_WARN_UNINITIALIZED_AUTOS = YES_AGGRESSIVE;
				GCC_WARN_UNUSED_FUNCTION = YES;
				GCC_WARN_UNUSED_VARIABLE = YES;
				IPHONEOS_DEPLOYMENT_TARGET = 15.0;
				MTL_ENABLE_DEBUG_INFO = NO;
				MTL_FAST_MATH = YES;
				SDKROOT = iphoneos;
				SWIFT_COMPILATION_MODE = wholemodule;
				SWIFT_OPTIMIZATION_LEVEL = "-O";
				VALIDATE_PRODUCT = YES;
			};
			name = Release;
		};
		D45B88E42718643A00DF470F /* Debug */ = {
			isa = XCBuildConfiguration;
			buildSettings = {
				ASSETCATALOG_COMPILER_APPICON_NAME = AppIcon;
				ASSETCATALOG_COMPILER_GLOBAL_ACCENT_COLOR_NAME = AccentColor;
				CODE_SIGN_STYLE = Automatic;
				CURRENT_PROJECT_VERSION = 1;
				DEVELOPMENT_TEAM = U6ZRGUARQA;
				GENERATE_INFOPLIST_FILE = YES;
				INFOPLIST_FILE = "Trainee Plan/System/Info.plist";
				INFOPLIST_KEY_UIApplicationSupportsIndirectInputEvents = YES;
				INFOPLIST_KEY_UILaunchStoryboardName = LaunchScreen;
				INFOPLIST_KEY_UIMainStoryboardFile = Main;
				INFOPLIST_KEY_UISupportedInterfaceOrientations_iPad = "UIInterfaceOrientationPortrait UIInterfaceOrientationPortraitUpsideDown UIInterfaceOrientationLandscapeLeft UIInterfaceOrientationLandscapeRight";
				INFOPLIST_KEY_UISupportedInterfaceOrientations_iPhone = "UIInterfaceOrientationPortrait UIInterfaceOrientationLandscapeLeft UIInterfaceOrientationLandscapeRight";
				LD_RUNPATH_SEARCH_PATHS = (
					"$(inherited)",
					"@executable_path/Frameworks",
				);
				MARKETING_VERSION = 1.0;
				PRODUCT_BUNDLE_IDENTIFIER = "i.Trainee-Plan";
				PRODUCT_NAME = "$(TARGET_NAME)";
				SWIFT_EMIT_LOC_STRINGS = YES;
				SWIFT_VERSION = 5.0;
				TARGETED_DEVICE_FAMILY = 1;
			};
			name = Debug;
		};
		D45B88E52718643A00DF470F /* Release */ = {
			isa = XCBuildConfiguration;
			buildSettings = {
				ASSETCATALOG_COMPILER_APPICON_NAME = AppIcon;
				ASSETCATALOG_COMPILER_GLOBAL_ACCENT_COLOR_NAME = AccentColor;
				CODE_SIGN_STYLE = Automatic;
				CURRENT_PROJECT_VERSION = 1;
				DEVELOPMENT_TEAM = U6ZRGUARQA;
				GENERATE_INFOPLIST_FILE = YES;
				INFOPLIST_FILE = "Trainee Plan/System/Info.plist";
				INFOPLIST_KEY_UIApplicationSupportsIndirectInputEvents = YES;
				INFOPLIST_KEY_UILaunchStoryboardName = LaunchScreen;
				INFOPLIST_KEY_UIMainStoryboardFile = Main;
				INFOPLIST_KEY_UISupportedInterfaceOrientations_iPad = "UIInterfaceOrientationPortrait UIInterfaceOrientationPortraitUpsideDown UIInterfaceOrientationLandscapeLeft UIInterfaceOrientationLandscapeRight";
				INFOPLIST_KEY_UISupportedInterfaceOrientations_iPhone = "UIInterfaceOrientationPortrait UIInterfaceOrientationLandscapeLeft UIInterfaceOrientationLandscapeRight";
				LD_RUNPATH_SEARCH_PATHS = (
					"$(inherited)",
					"@executable_path/Frameworks",
				);
				MARKETING_VERSION = 1.0;
				PRODUCT_BUNDLE_IDENTIFIER = "i.Trainee-Plan";
				PRODUCT_NAME = "$(TARGET_NAME)";
				SWIFT_EMIT_LOC_STRINGS = YES;
				SWIFT_VERSION = 5.0;
				TARGETED_DEVICE_FAMILY = 1;
			};
			name = Release;
		};
/* End XCBuildConfiguration section */

/* Begin XCConfigurationList section */
		D45B88CA2718643900DF470F /* Build configuration list for PBXProject "Trainee Plan" */ = {
			isa = XCConfigurationList;
			buildConfigurations = (
				D45B88E12718643A00DF470F /* Debug */,
				D45B88E22718643A00DF470F /* Release */,
			);
			defaultConfigurationIsVisible = 0;
			defaultConfigurationName = Release;
		};
		D45B88E32718643A00DF470F /* Build configuration list for PBXNativeTarget "Trainee Plan" */ = {
			isa = XCConfigurationList;
			buildConfigurations = (
				D45B88E42718643A00DF470F /* Debug */,
				D45B88E52718643A00DF470F /* Release */,
			);
			defaultConfigurationIsVisible = 0;
			defaultConfigurationName = Release;
		};
/* End XCConfigurationList section */
	};
	rootObject = D45B88C72718643900DF470F /* Project object */;
}
